
Microsoft Visual Studio Solution File, Format Version 12.00
# Visual Studio Version 16
VisualStudioVersion = 16.0.29709.97
MinimumVisualStudioVersion = 10.0.40219.1
Project("{2150E333-8FDC-42A3-9474-1A3956D46DE8}") = "build", "build", "{C494A117-A125-4305-891F-D1F282396D68}"
	ProjectSection(SolutionItems) = preProject
		src\Directory.Build.props = src\Directory.Build.props
	EndProjectSection
EndProject
Project("{9A19103F-16F7-4668-BE54-9A1E7A4F7556}") = "Mapping.AutoMapper.Autofac", "src\Mapping.AutoMapper.Autofac\Mapping.AutoMapper.Autofac.csproj", "{1E2664C4-3D7E-46B2-926D-85F5502A508C}"
EndProject
Project("{FAE04EC0-301F-11D3-BF4B-00C04F79EFBC}") = "Mapping.AutoMapper.Autofac.Tests", "src\Mapping.AutoMapper.Autofac.Tests\Mapping.AutoMapper.Autofac.Tests.csproj", "{6EB76F21-3C93-4A77-9E3B-09C1C521DDC1}"
EndProject
Global
	GlobalSection(SolutionConfigurationPlatforms) = preSolution
		Debug|Any CPU = Debug|Any CPU
		Release|Any CPU = Release|Any CPU
	EndGlobalSection
	GlobalSection(ProjectConfigurationPlatforms) = postSolution
		{1E2664C4-3D7E-46B2-926D-85F5502A508C}.Debug|Any CPU.ActiveCfg = Debug|Any CPU
		{1E2664C4-3D7E-46B2-926D-85F5502A508C}.Debug|Any CPU.Build.0 = Debug|Any CPU
		{1E2664C4-3D7E-46B2-926D-85F5502A508C}.Release|Any CPU.ActiveCfg = Release|Any CPU
		{1E2664C4-3D7E-46B2-926D-85F5502A508C}.Release|Any CPU.Build.0 = Release|Any CPU
		{6EB76F21-3C93-4A77-9E3B-09C1C521DDC1}.Debug|Any CPU.ActiveCfg = Debug|Any CPU
		{6EB76F21-3C93-4A77-9E3B-09C1C521DDC1}.Debug|Any CPU.Build.0 = Debug|Any CPU
		{6EB76F21-3C93-4A77-9E3B-09C1C521DDC1}.Release|Any CPU.ActiveCfg = Release|Any CPU
		{6EB76F21-3C93-4A77-9E3B-09C1C521DDC1}.Release|Any CPU.Build.0 = Release|Any CPU
	EndGlobalSection
	GlobalSection(SolutionProperties) = preSolution
		HideSolutionNode = FALSE
	EndGlobalSection
	GlobalSection(ExtensibilityGlobals) = postSolution
		SolutionGuid = {135CB47C-ADEB-4720-B135-0D18380362BB}
	EndGlobalSection
EndGlobal
